
Microsoft Visual Studio Solution File, Format Version 12.00
# Visual Studio Version 17
VisualStudioVersion = 17.6.33815.320
MinimumVisualStudioVersion = 10.0.40219.1
Project("{888888A0-9F3D-457C-B088-3A5042F75D52}") = "Home work 7", "Home work 7\Home work 7.pyproj", "{559B624B-7952-477C-A5A5-103F78781830}"
EndProject
Global
	GlobalSection(SolutionConfigurationPlatforms) = preSolution
		Debug|Any CPU = Debug|Any CPU
		Release|Any CPU = Release|Any CPU
	EndGlobalSection
	GlobalSection(ProjectConfigurationPlatforms) = postSolution
		{559B624B-7952-477C-A5A5-103F78781830}.Debug|Any CPU.ActiveCfg = Debug|Any CPU
		{559B624B-7952-477C-A5A5-103F78781830}.Release|Any CPU.ActiveCfg = Release|Any CPU
	EndGlobalSection
	GlobalSection(SolutionProperties) = preSolution
		HideSolutionNode = FALSE
	EndGlobalSection
	GlobalSection(ExtensibilityGlobals) = postSolution
		SolutionGuid = {A9CCCBA2-F983-4D40-A275-3A6927CE7D86}
	EndGlobalSection
EndGlobal
